{
  "name": "ERR_ARG_NOT_ITERABLE",
  "version": "1.0.0",
  "lockfileVersion": 1,
  "requires": true,
  "dependencies": {
    "book": {
      "version": "file:../../../../../lib/node/book",
      "requires": {
        "enum": "2.4.0"
      },
      "dependencies": {
        "enum": {
          "version": "2.4.0",
          "bundled": true,
          "requires": {
            "is-buffer": "1.1.6"
          }
        },
        "is-buffer": {
          "version": "1.1.6",
          "bundled": true
        }
      }
    },
    "common": {
      "version": "file:../../../../../lib/node/common"
    },
    "logging": {
      "version": "file:../../../../../lib/node/logging"
    },
    "wpt": {
      "version": "file:../../../../../lib/node/wpt"
    }
  }
}
