
Microsoft Visual Studio Solution File, Format Version 12.00
# Visual Studio 15
VisualStudioVersion = 15.0.26430.14
MinimumVisualStudioVersion = 10.0.40219.1
Project("{FAE04EC0-301F-11D3-BF4B-00C04F79EFBC}") = "Airbrake.Data.SqlClient.SqlException", "System.Data.SqlClient.SqlException\Airbrake.Data.SqlClient.SqlException.csproj", "{CE878BB3-2ADB-4D00-9F51-93719844017D}"
EndProject
Project("{FAE04EC0-301F-11D3-BF4B-00C04F79EFBC}") = "Airbrake.InvalidOperationException", "Airbrake.InvalidOperationException\Airbrake.InvalidOperationException.csproj", "{3D2958E4-46EA-46F9-B74E-DBC9CBB54488}"
EndProject
Project("{FAE04EC0-301F-11D3-BF4B-00C04F79EFBC}") = "Airbrake.BadImageFormatException", "Airbrake.BadImageFormatException\Airbrake.BadImageFormatException.csproj", "{B0C9444B-C929-4230-8608-AF9E5C0D8049}"
EndProject
Project("{FAE04EC0-301F-11D3-BF4B-00C04F79EFBC}") = "Airbrake.OutOfMemoryException", "Airbrake.OutOfMemoryException\Airbrake.OutOfMemoryException.csproj", "{AD67C56E-91F6-45B1-BFC8-434359595B3A}"
EndProject
Project("{FAE04EC0-301F-11D3-BF4B-00C04F79EFBC}") = "Airbrake.StackOverflowException", "Airbrake.StackOverflowException\Airbrake.StackOverflowException.csproj", "{563F7688-9F39-487B-BF0E-7D17D99D23CA}"
EndProject
Project("{FAE04EC0-301F-11D3-BF4B-00C04F79EFBC}") = "Airbrake.Net.Sockets.SocketException", "Airbrake.Net.Sockets.SocketException\Airbrake.Net.Sockets.SocketException.csproj", "{B2C79584-DC05-45FC-9B4D-6FC08714722F}"
EndProject
Project("{FAE04EC0-301F-11D3-BF4B-00C04F79EFBC}") = "Airbrake.ArgumentException", "Airbrake.ArgumentException\Airbrake.ArgumentException.csproj", "{4A81A6ED-7393-4A52-9D2E-EB9D21846588}"
EndProject
Project("{FAE04EC0-301F-11D3-BF4B-00C04F79EFBC}") = "Airbrake.NotImplementedException", "Airbrake.NotImplementedException\Airbrake.NotImplementedException.csproj", "{C4805D01-8284-490C-9361-BBA629B3D130}"
EndProject
Project("{FAE04EC0-301F-11D3-BF4B-00C04F79EFBC}") = "Airbrake.InvalidCastException", "Airbrake.InvalidCastException\Airbrake.InvalidCastException.csproj", "{D61CBDBB-6D6A-4B97-ACF4-80C6697563CA}"
EndProject
Project("{FAE04EC0-301F-11D3-BF4B-00C04F79EFBC}") = "Airbrake.ArgumentNullException", "Airbrake.ArgumentNullException\Airbrake.ArgumentNullException.csproj", "{1AEC91B5-9C4C-4D1E-AC0B-56F494884828}"
EndProject
Project("{FAE04EC0-301F-11D3-BF4B-00C04F79EFBC}") = "Airbrake.Net.WebException", "Airbrake.Net.WebException\Airbrake.Net.WebException.csproj", "{8A6C6E59-3418-481F-A0A6-146BA85CDFF7}"
EndProject
Project("{FAE04EC0-301F-11D3-BF4B-00C04F79EFBC}") = "Airbrake.Web.HttpException", "Airbrake.Web.HttpException\Airbrake.Web.HttpException.csproj", "{3726F952-1E69-45D6-8142-41FDF3E1BB21}"
EndProject
Project("{FAE04EC0-301F-11D3-BF4B-00C04F79EFBC}") = "Airbrake.IndexOutOfRangeException", "Airbrake.IndexOutOfRangeException\Airbrake.IndexOutOfRangeException.csproj", "{8B617335-CC02-4B5B-9417-36E489842674}"
EndProject
Project("{FAE04EC0-301F-11D3-BF4B-00C04F79EFBC}") = "DemoClient", "DemoClient\DemoClient.csproj", "{B62A25E4-E95F-419D-B2D8-769FFE3238AA}"
EndProject
Project("{FAE04EC0-301F-11D3-BF4B-00C04F79EFBC}") = "LibraryService", "LibraryService\LibraryService.csproj", "{F0A6B7BF-FEB5-4C51-83F2-E5B111A6CA88}"
EndProject
Project("{2150E333-8FDC-42A3-9474-1A3956D46DE8}") = "Airbrake.ServiceModel.FaultException", "Airbrake.ServiceModel.FaultException", "{EE56C527-D110-482F-99F9-3835FCFC8107}"
EndProject
Project("{FAE04EC0-301F-11D3-BF4B-00C04F79EFBC}") = "LibraryClient", "LibraryClient\LibraryClient.csproj", "{CB9757C5-CE6A-402D-9859-682780611D18}"
	ProjectSection(ProjectDependencies) = postProject
		{F0A6B7BF-FEB5-4C51-83F2-E5B111A6CA88} = {F0A6B7BF-FEB5-4C51-83F2-E5B111A6CA88}
	EndProjectSection
EndProject
Project("{FAE04EC0-301F-11D3-BF4B-00C04F79EFBC}") = "Airbrake.ComponentModel.Win32Exception", "Airbrake.ComponentModel.Win32Exception\Airbrake.ComponentModel.Win32Exception.csproj", "{63A79766-F998-4AED-9B07-72AD8A3E0301}"
EndProject
Project("{2150E333-8FDC-42A3-9474-1A3956D46DE8}") = "Airbrake.AccessViolationException", "Airbrake.AccessViolationException", "{4248902E-7D54-4546-84CB-5BBB059B05F2}"
EndProject
Project("{FAE04EC0-301F-11D3-BF4B-00C04F79EFBC}") = "Airbrake.AccessViolationException", "Airbrake.AccessViolationException\Airbrake.AccessViolationException.csproj", "{3010A7E7-D755-4BF2-909A-A7C0E4B5BD89}"
EndProject
Project("{8BC9CEB8-8B4A-11D0-8D11-00A0C91BC942}") = "FailingApp", "FailingApp\FailingApp.vcxproj", "{C37F3190-73AB-4947-BBBC-A89DDBB827FB}"
EndProject
Project("{FAE04EC0-301F-11D3-BF4B-00C04F79EFBC}") = "Airbrake.Security.SecurityException", "Airbrake.Security.SecurityException\Airbrake.Security.SecurityException.csproj", "{8850353C-144E-4862-86A6-C3E3B82F1B27}"
EndProject
Project("{2150E333-8FDC-42A3-9474-1A3956D46DE8}") = "Airbrake.DllNotFoundException", "Airbrake.DllNotFoundException", "{A284E5F5-B20E-408E-AA79-81A757BC6243}"
EndProject
Project("{FAE04EC0-301F-11D3-BF4B-00C04F79EFBC}") = "Airbrake.DllNotFoundException", "Airbrake.DllNotFoundException\Airbrake.DllNotFoundException.csproj", "{612582E0-CD6A-4F46-8E96-EA1FEA05703B}"
EndProject
Project("{FAE04EC0-301F-11D3-BF4B-00C04F79EFBC}") = "Airbrake.Collections.Generic.KeyNotFoundException", "Airbrake.Collections.Generic.KeyNotFoundException\Airbrake.Collections.Generic.KeyNotFoundException.csproj", "{D8E6D701-829C-43A7-BFAB-69582E0594A9}"
EndProject
Global
	GlobalSection(SolutionConfigurationPlatforms) = preSolution
		Debug|Any CPU = Debug|Any CPU
		Debug|x64 = Debug|x64
		Debug|x86 = Debug|x86
		Release|Any CPU = Release|Any CPU
		Release|x64 = Release|x64
		Release|x86 = Release|x86
	EndGlobalSection
	GlobalSection(ProjectConfigurationPlatforms) = postSolution
		{CE878BB3-2ADB-4D00-9F51-93719844017D}.Debug|Any CPU.ActiveCfg = Debug|Any CPU
		{CE878BB3-2ADB-4D00-9F51-93719844017D}.Debug|Any CPU.Build.0 = Debug|Any CPU
		{CE878BB3-2ADB-4D00-9F51-93719844017D}.Debug|x64.ActiveCfg = Debug|Any CPU
		{CE878BB3-2ADB-4D00-9F51-93719844017D}.Debug|x64.Build.0 = Debug|Any CPU
		{CE878BB3-2ADB-4D00-9F51-93719844017D}.Debug|x86.ActiveCfg = Debug|x86
		{CE878BB3-2ADB-4D00-9F51-93719844017D}.Debug|x86.Build.0 = Debug|x86
		{CE878BB3-2ADB-4D00-9F51-93719844017D}.Release|Any CPU.ActiveCfg = Release|Any CPU
		{CE878BB3-2ADB-4D00-9F51-93719844017D}.Release|Any CPU.Build.0 = Release|Any CPU
		{CE878BB3-2ADB-4D00-9F51-93719844017D}.Release|x64.ActiveCfg = Release|Any CPU
		{CE878BB3-2ADB-4D00-9F51-93719844017D}.Release|x64.Build.0 = Release|Any CPU
		{CE878BB3-2ADB-4D00-9F51-93719844017D}.Release|x86.ActiveCfg = Release|x86
		{CE878BB3-2ADB-4D00-9F51-93719844017D}.Release|x86.Build.0 = Release|x86
		{3D2958E4-46EA-46F9-B74E-DBC9CBB54488}.Debug|Any CPU.ActiveCfg = Debug|Any CPU
		{3D2958E4-46EA-46F9-B74E-DBC9CBB54488}.Debug|Any CPU.Build.0 = Debug|Any CPU
		{3D2958E4-46EA-46F9-B74E-DBC9CBB54488}.Debug|x64.ActiveCfg = Debug|Any CPU
		{3D2958E4-46EA-46F9-B74E-DBC9CBB54488}.Debug|x64.Build.0 = Debug|Any CPU
		{3D2958E4-46EA-46F9-B74E-DBC9CBB54488}.Debug|x86.ActiveCfg = Debug|x86
		{3D2958E4-46EA-46F9-B74E-DBC9CBB54488}.Debug|x86.Build.0 = Debug|x86
		{3D2958E4-46EA-46F9-B74E-DBC9CBB54488}.Release|Any CPU.ActiveCfg = Release|Any CPU
		{3D2958E4-46EA-46F9-B74E-DBC9CBB54488}.Release|Any CPU.Build.0 = Release|Any CPU
		{3D2958E4-46EA-46F9-B74E-DBC9CBB54488}.Release|x64.ActiveCfg = Release|Any CPU
		{3D2958E4-46EA-46F9-B74E-DBC9CBB54488}.Release|x64.Build.0 = Release|Any CPU
		{3D2958E4-46EA-46F9-B74E-DBC9CBB54488}.Release|x86.ActiveCfg = Release|x86
		{3D2958E4-46EA-46F9-B74E-DBC9CBB54488}.Release|x86.Build.0 = Release|x86
		{B0C9444B-C929-4230-8608-AF9E5C0D8049}.Debug|Any CPU.ActiveCfg = Debug|Any CPU
		{B0C9444B-C929-4230-8608-AF9E5C0D8049}.Debug|Any CPU.Build.0 = Debug|Any CPU
		{B0C9444B-C929-4230-8608-AF9E5C0D8049}.Debug|x64.ActiveCfg = Debug|Any CPU
		{B0C9444B-C929-4230-8608-AF9E5C0D8049}.Debug|x64.Build.0 = Debug|Any CPU
		{B0C9444B-C929-4230-8608-AF9E5C0D8049}.Debug|x86.ActiveCfg = Debug|x86
		{B0C9444B-C929-4230-8608-AF9E5C0D8049}.Debug|x86.Build.0 = Debug|x86
		{B0C9444B-C929-4230-8608-AF9E5C0D8049}.Release|Any CPU.ActiveCfg = Release|Any CPU
		{B0C9444B-C929-4230-8608-AF9E5C0D8049}.Release|Any CPU.Build.0 = Release|Any CPU
		{B0C9444B-C929-4230-8608-AF9E5C0D8049}.Release|x64.ActiveCfg = Release|Any CPU
		{B0C9444B-C929-4230-8608-AF9E5C0D8049}.Release|x64.Build.0 = Release|Any CPU
		{B0C9444B-C929-4230-8608-AF9E5C0D8049}.Release|x86.ActiveCfg = Release|x86
		{B0C9444B-C929-4230-8608-AF9E5C0D8049}.Release|x86.Build.0 = Release|x86
		{AD67C56E-91F6-45B1-BFC8-434359595B3A}.Debug|Any CPU.ActiveCfg = Debug|Any CPU
		{AD67C56E-91F6-45B1-BFC8-434359595B3A}.Debug|Any CPU.Build.0 = Debug|Any CPU
		{AD67C56E-91F6-45B1-BFC8-434359595B3A}.Debug|x64.ActiveCfg = Debug|Any CPU
		{AD67C56E-91F6-45B1-BFC8-434359595B3A}.Debug|x64.Build.0 = Debug|Any CPU
		{AD67C56E-91F6-45B1-BFC8-434359595B3A}.Debug|x86.ActiveCfg = Debug|Any CPU
		{AD67C56E-91F6-45B1-BFC8-434359595B3A}.Debug|x86.Build.0 = Debug|Any CPU
		{AD67C56E-91F6-45B1-BFC8-434359595B3A}.Release|Any CPU.ActiveCfg = Release|Any CPU
		{AD67C56E-91F6-45B1-BFC8-434359595B3A}.Release|Any CPU.Build.0 = Release|Any CPU
		{AD67C56E-91F6-45B1-BFC8-434359595B3A}.Release|x64.ActiveCfg = Release|Any CPU
		{AD67C56E-91F6-45B1-BFC8-434359595B3A}.Release|x64.Build.0 = Release|Any CPU
		{AD67C56E-91F6-45B1-BFC8-434359595B3A}.Release|x86.ActiveCfg = Release|Any CPU
		{AD67C56E-91F6-45B1-BFC8-434359595B3A}.Release|x86.Build.0 = Release|Any CPU
		{563F7688-9F39-487B-BF0E-7D17D99D23CA}.Debug|Any CPU.ActiveCfg = Debug|Any CPU
		{563F7688-9F39-487B-BF0E-7D17D99D23CA}.Debug|Any CPU.Build.0 = Debug|Any CPU
		{563F7688-9F39-487B-BF0E-7D17D99D23CA}.Debug|x64.ActiveCfg = Debug|Any CPU
		{563F7688-9F39-487B-BF0E-7D17D99D23CA}.Debug|x64.Build.0 = Debug|Any CPU
		{563F7688-9F39-487B-BF0E-7D17D99D23CA}.Debug|x86.ActiveCfg = Debug|Any CPU
		{563F7688-9F39-487B-BF0E-7D17D99D23CA}.Debug|x86.Build.0 = Debug|Any CPU
		{563F7688-9F39-487B-BF0E-7D17D99D23CA}.Release|Any CPU.ActiveCfg = Release|Any CPU
		{563F7688-9F39-487B-BF0E-7D17D99D23CA}.Release|Any CPU.Build.0 = Release|Any CPU
		{563F7688-9F39-487B-BF0E-7D17D99D23CA}.Release|x64.ActiveCfg = Release|Any CPU
		{563F7688-9F39-487B-BF0E-7D17D99D23CA}.Release|x64.Build.0 = Release|Any CPU
		{563F7688-9F39-487B-BF0E-7D17D99D23CA}.Release|x86.ActiveCfg = Release|Any CPU
		{563F7688-9F39-487B-BF0E-7D17D99D23CA}.Release|x86.Build.0 = Release|Any CPU
		{B2C79584-DC05-45FC-9B4D-6FC08714722F}.Debug|Any CPU.ActiveCfg = Debug|Any CPU
		{B2C79584-DC05-45FC-9B4D-6FC08714722F}.Debug|Any CPU.Build.0 = Debug|Any CPU
		{B2C79584-DC05-45FC-9B4D-6FC08714722F}.Debug|x64.ActiveCfg = Debug|Any CPU
		{B2C79584-DC05-45FC-9B4D-6FC08714722F}.Debug|x64.Build.0 = Debug|Any CPU
		{B2C79584-DC05-45FC-9B4D-6FC08714722F}.Debug|x86.ActiveCfg = Debug|Any CPU
		{B2C79584-DC05-45FC-9B4D-6FC08714722F}.Debug|x86.Build.0 = Debug|Any CPU
		{B2C79584-DC05-45FC-9B4D-6FC08714722F}.Release|Any CPU.ActiveCfg = Release|Any CPU
		{B2C79584-DC05-45FC-9B4D-6FC08714722F}.Release|Any CPU.Build.0 = Release|Any CPU
		{B2C79584-DC05-45FC-9B4D-6FC08714722F}.Release|x64.ActiveCfg = Release|Any CPU
		{B2C79584-DC05-45FC-9B4D-6FC08714722F}.Release|x64.Build.0 = Release|Any CPU
		{B2C79584-DC05-45FC-9B4D-6FC08714722F}.Release|x86.ActiveCfg = Release|Any CPU
		{B2C79584-DC05-45FC-9B4D-6FC08714722F}.Release|x86.Build.0 = Release|Any CPU
		{4A81A6ED-7393-4A52-9D2E-EB9D21846588}.Debug|Any CPU.ActiveCfg = Debug|Any CPU
		{4A81A6ED-7393-4A52-9D2E-EB9D21846588}.Debug|Any CPU.Build.0 = Debug|Any CPU
		{4A81A6ED-7393-4A52-9D2E-EB9D21846588}.Debug|x64.ActiveCfg = Debug|Any CPU
		{4A81A6ED-7393-4A52-9D2E-EB9D21846588}.Debug|x64.Build.0 = Debug|Any CPU
		{4A81A6ED-7393-4A52-9D2E-EB9D21846588}.Debug|x86.ActiveCfg = Debug|Any CPU
		{4A81A6ED-7393-4A52-9D2E-EB9D21846588}.Debug|x86.Build.0 = Debug|Any CPU
		{4A81A6ED-7393-4A52-9D2E-EB9D21846588}.Release|Any CPU.ActiveCfg = Release|Any CPU
		{4A81A6ED-7393-4A52-9D2E-EB9D21846588}.Release|Any CPU.Build.0 = Release|Any CPU
		{4A81A6ED-7393-4A52-9D2E-EB9D21846588}.Release|x64.ActiveCfg = Release|Any CPU
		{4A81A6ED-7393-4A52-9D2E-EB9D21846588}.Release|x64.Build.0 = Release|Any CPU
		{4A81A6ED-7393-4A52-9D2E-EB9D21846588}.Release|x86.ActiveCfg = Release|Any CPU
		{4A81A6ED-7393-4A52-9D2E-EB9D21846588}.Release|x86.Build.0 = Release|Any CPU
		{C4805D01-8284-490C-9361-BBA629B3D130}.Debug|Any CPU.ActiveCfg = Debug|Any CPU
		{C4805D01-8284-490C-9361-BBA629B3D130}.Debug|Any CPU.Build.0 = Debug|Any CPU
		{C4805D01-8284-490C-9361-BBA629B3D130}.Debug|x64.ActiveCfg = Debug|Any CPU
		{C4805D01-8284-490C-9361-BBA629B3D130}.Debug|x64.Build.0 = Debug|Any CPU
		{C4805D01-8284-490C-9361-BBA629B3D130}.Debug|x86.ActiveCfg = Debug|Any CPU
		{C4805D01-8284-490C-9361-BBA629B3D130}.Debug|x86.Build.0 = Debug|Any CPU
		{C4805D01-8284-490C-9361-BBA629B3D130}.Release|Any CPU.ActiveCfg = Release|Any CPU
		{C4805D01-8284-490C-9361-BBA629B3D130}.Release|Any CPU.Build.0 = Release|Any CPU
		{C4805D01-8284-490C-9361-BBA629B3D130}.Release|x64.ActiveCfg = Release|Any CPU
		{C4805D01-8284-490C-9361-BBA629B3D130}.Release|x64.Build.0 = Release|Any CPU
		{C4805D01-8284-490C-9361-BBA629B3D130}.Release|x86.ActiveCfg = Release|Any CPU
		{C4805D01-8284-490C-9361-BBA629B3D130}.Release|x86.Build.0 = Release|Any CPU
		{D61CBDBB-6D6A-4B97-ACF4-80C6697563CA}.Debug|Any CPU.ActiveCfg = Debug|Any CPU
		{D61CBDBB-6D6A-4B97-ACF4-80C6697563CA}.Debug|Any CPU.Build.0 = Debug|Any CPU
		{D61CBDBB-6D6A-4B97-ACF4-80C6697563CA}.Debug|x64.ActiveCfg = Debug|Any CPU
		{D61CBDBB-6D6A-4B97-ACF4-80C6697563CA}.Debug|x64.Build.0 = Debug|Any CPU
		{D61CBDBB-6D6A-4B97-ACF4-80C6697563CA}.Debug|x86.ActiveCfg = Debug|Any CPU
		{D61CBDBB-6D6A-4B97-ACF4-80C6697563CA}.Debug|x86.Build.0 = Debug|Any CPU
		{D61CBDBB-6D6A-4B97-ACF4-80C6697563CA}.Release|Any CPU.ActiveCfg = Release|Any CPU
		{D61CBDBB-6D6A-4B97-ACF4-80C6697563CA}.Release|Any CPU.Build.0 = Release|Any CPU
		{D61CBDBB-6D6A-4B97-ACF4-80C6697563CA}.Release|x64.ActiveCfg = Release|Any CPU
		{D61CBDBB-6D6A-4B97-ACF4-80C6697563CA}.Release|x64.Build.0 = Release|Any CPU
		{D61CBDBB-6D6A-4B97-ACF4-80C6697563CA}.Release|x86.ActiveCfg = Release|Any CPU
		{D61CBDBB-6D6A-4B97-ACF4-80C6697563CA}.Release|x86.Build.0 = Release|Any CPU
		{1AEC91B5-9C4C-4D1E-AC0B-56F494884828}.Debug|Any CPU.ActiveCfg = Debug|Any CPU
		{1AEC91B5-9C4C-4D1E-AC0B-56F494884828}.Debug|Any CPU.Build.0 = Debug|Any CPU
		{1AEC91B5-9C4C-4D1E-AC0B-56F494884828}.Debug|x64.ActiveCfg = Debug|Any CPU
		{1AEC91B5-9C4C-4D1E-AC0B-56F494884828}.Debug|x64.Build.0 = Debug|Any CPU
		{1AEC91B5-9C4C-4D1E-AC0B-56F494884828}.Debug|x86.ActiveCfg = Debug|Any CPU
		{1AEC91B5-9C4C-4D1E-AC0B-56F494884828}.Debug|x86.Build.0 = Debug|Any CPU
		{1AEC91B5-9C4C-4D1E-AC0B-56F494884828}.Release|Any CPU.ActiveCfg = Release|Any CPU
		{1AEC91B5-9C4C-4D1E-AC0B-56F494884828}.Release|Any CPU.Build.0 = Release|Any CPU
		{1AEC91B5-9C4C-4D1E-AC0B-56F494884828}.Release|x64.ActiveCfg = Release|Any CPU
		{1AEC91B5-9C4C-4D1E-AC0B-56F494884828}.Release|x64.Build.0 = Release|Any CPU
		{1AEC91B5-9C4C-4D1E-AC0B-56F494884828}.Release|x86.ActiveCfg = Release|Any CPU
		{1AEC91B5-9C4C-4D1E-AC0B-56F494884828}.Release|x86.Build.0 = Release|Any CPU
		{8A6C6E59-3418-481F-A0A6-146BA85CDFF7}.Debug|Any CPU.ActiveCfg = Debug|Any CPU
		{8A6C6E59-3418-481F-A0A6-146BA85CDFF7}.Debug|Any CPU.Build.0 = Debug|Any CPU
		{8A6C6E59-3418-481F-A0A6-146BA85CDFF7}.Debug|x64.ActiveCfg = Debug|Any CPU
		{8A6C6E59-3418-481F-A0A6-146BA85CDFF7}.Debug|x64.Build.0 = Debug|Any CPU
		{8A6C6E59-3418-481F-A0A6-146BA85CDFF7}.Debug|x86.ActiveCfg = Debug|Any CPU
		{8A6C6E59-3418-481F-A0A6-146BA85CDFF7}.Debug|x86.Build.0 = Debug|Any CPU
		{8A6C6E59-3418-481F-A0A6-146BA85CDFF7}.Release|Any CPU.ActiveCfg = Release|Any CPU
		{8A6C6E59-3418-481F-A0A6-146BA85CDFF7}.Release|Any CPU.Build.0 = Release|Any CPU
		{8A6C6E59-3418-481F-A0A6-146BA85CDFF7}.Release|x64.ActiveCfg = Release|Any CPU
		{8A6C6E59-3418-481F-A0A6-146BA85CDFF7}.Release|x64.Build.0 = Release|Any CPU
		{8A6C6E59-3418-481F-A0A6-146BA85CDFF7}.Release|x86.ActiveCfg = Release|Any CPU
		{8A6C6E59-3418-481F-A0A6-146BA85CDFF7}.Release|x86.Build.0 = Release|Any CPU
		{3726F952-1E69-45D6-8142-41FDF3E1BB21}.Debug|Any CPU.ActiveCfg = Debug|Any CPU
		{3726F952-1E69-45D6-8142-41FDF3E1BB21}.Debug|Any CPU.Build.0 = Debug|Any CPU
		{3726F952-1E69-45D6-8142-41FDF3E1BB21}.Debug|x64.ActiveCfg = Debug|Any CPU
		{3726F952-1E69-45D6-8142-41FDF3E1BB21}.Debug|x64.Build.0 = Debug|Any CPU
		{3726F952-1E69-45D6-8142-41FDF3E1BB21}.Debug|x86.ActiveCfg = Debug|Any CPU
		{3726F952-1E69-45D6-8142-41FDF3E1BB21}.Debug|x86.Build.0 = Debug|Any CPU
		{3726F952-1E69-45D6-8142-41FDF3E1BB21}.Release|Any CPU.ActiveCfg = Release|Any CPU
		{3726F952-1E69-45D6-8142-41FDF3E1BB21}.Release|Any CPU.Build.0 = Release|Any CPU
		{3726F952-1E69-45D6-8142-41FDF3E1BB21}.Release|x64.ActiveCfg = Release|Any CPU
		{3726F952-1E69-45D6-8142-41FDF3E1BB21}.Release|x64.Build.0 = Release|Any CPU
		{3726F952-1E69-45D6-8142-41FDF3E1BB21}.Release|x86.ActiveCfg = Release|Any CPU
		{3726F952-1E69-45D6-8142-41FDF3E1BB21}.Release|x86.Build.0 = Release|Any CPU
		{8B617335-CC02-4B5B-9417-36E489842674}.Debug|Any CPU.ActiveCfg = Debug|Any CPU
		{8B617335-CC02-4B5B-9417-36E489842674}.Debug|Any CPU.Build.0 = Debug|Any CPU
		{8B617335-CC02-4B5B-9417-36E489842674}.Debug|x64.ActiveCfg = Debug|Any CPU
		{8B617335-CC02-4B5B-9417-36E489842674}.Debug|x64.Build.0 = Debug|Any CPU
		{8B617335-CC02-4B5B-9417-36E489842674}.Debug|x86.ActiveCfg = Debug|Any CPU
		{8B617335-CC02-4B5B-9417-36E489842674}.Debug|x86.Build.0 = Debug|Any CPU
		{8B617335-CC02-4B5B-9417-36E489842674}.Release|Any CPU.ActiveCfg = Release|Any CPU
		{8B617335-CC02-4B5B-9417-36E489842674}.Release|Any CPU.Build.0 = Release|Any CPU
		{8B617335-CC02-4B5B-9417-36E489842674}.Release|x64.ActiveCfg = Release|Any CPU
		{8B617335-CC02-4B5B-9417-36E489842674}.Release|x64.Build.0 = Release|Any CPU
		{8B617335-CC02-4B5B-9417-36E489842674}.Release|x86.ActiveCfg = Release|Any CPU
		{8B617335-CC02-4B5B-9417-36E489842674}.Release|x86.Build.0 = Release|Any CPU
		{B62A25E4-E95F-419D-B2D8-769FFE3238AA}.Debug|Any CPU.ActiveCfg = Debug|Any CPU
		{B62A25E4-E95F-419D-B2D8-769FFE3238AA}.Debug|Any CPU.Build.0 = Debug|Any CPU
		{B62A25E4-E95F-419D-B2D8-769FFE3238AA}.Debug|x64.ActiveCfg = Debug|Any CPU
		{B62A25E4-E95F-419D-B2D8-769FFE3238AA}.Debug|x64.Build.0 = Debug|Any CPU
		{B62A25E4-E95F-419D-B2D8-769FFE3238AA}.Debug|x86.ActiveCfg = Debug|Any CPU
		{B62A25E4-E95F-419D-B2D8-769FFE3238AA}.Debug|x86.Build.0 = Debug|Any CPU
		{B62A25E4-E95F-419D-B2D8-769FFE3238AA}.Release|Any CPU.ActiveCfg = Release|Any CPU
		{B62A25E4-E95F-419D-B2D8-769FFE3238AA}.Release|Any CPU.Build.0 = Release|Any CPU
		{B62A25E4-E95F-419D-B2D8-769FFE3238AA}.Release|x64.ActiveCfg = Release|Any CPU
		{B62A25E4-E95F-419D-B2D8-769FFE3238AA}.Release|x64.Build.0 = Release|Any CPU
		{B62A25E4-E95F-419D-B2D8-769FFE3238AA}.Release|x86.ActiveCfg = Release|Any CPU
		{B62A25E4-E95F-419D-B2D8-769FFE3238AA}.Release|x86.Build.0 = Release|Any CPU
		{F0A6B7BF-FEB5-4C51-83F2-E5B111A6CA88}.Debug|Any CPU.ActiveCfg = Debug|Any CPU
		{F0A6B7BF-FEB5-4C51-83F2-E5B111A6CA88}.Debug|Any CPU.Build.0 = Debug|Any CPU
		{F0A6B7BF-FEB5-4C51-83F2-E5B111A6CA88}.Debug|x64.ActiveCfg = Debug|Any CPU
		{F0A6B7BF-FEB5-4C51-83F2-E5B111A6CA88}.Debug|x64.Build.0 = Debug|Any CPU
		{F0A6B7BF-FEB5-4C51-83F2-E5B111A6CA88}.Debug|x86.ActiveCfg = Debug|Any CPU
		{F0A6B7BF-FEB5-4C51-83F2-E5B111A6CA88}.Debug|x86.Build.0 = Debug|Any CPU
		{F0A6B7BF-FEB5-4C51-83F2-E5B111A6CA88}.Release|Any CPU.ActiveCfg = Release|Any CPU
		{F0A6B7BF-FEB5-4C51-83F2-E5B111A6CA88}.Release|Any CPU.Build.0 = Release|Any CPU
		{F0A6B7BF-FEB5-4C51-83F2-E5B111A6CA88}.Release|x64.ActiveCfg = Release|Any CPU
		{F0A6B7BF-FEB5-4C51-83F2-E5B111A6CA88}.Release|x64.Build.0 = Release|Any CPU
		{F0A6B7BF-FEB5-4C51-83F2-E5B111A6CA88}.Release|x86.ActiveCfg = Release|Any CPU
		{F0A6B7BF-FEB5-4C51-83F2-E5B111A6CA88}.Release|x86.Build.0 = Release|Any CPU
		{CB9757C5-CE6A-402D-9859-682780611D18}.Debug|Any CPU.ActiveCfg = Debug|Any CPU
		{CB9757C5-CE6A-402D-9859-682780611D18}.Debug|Any CPU.Build.0 = Debug|Any CPU
		{CB9757C5-CE6A-402D-9859-682780611D18}.Debug|x64.ActiveCfg = Debug|Any CPU
		{CB9757C5-CE6A-402D-9859-682780611D18}.Debug|x64.Build.0 = Debug|Any CPU
		{CB9757C5-CE6A-402D-9859-682780611D18}.Debug|x86.ActiveCfg = Debug|Any CPU
		{CB9757C5-CE6A-402D-9859-682780611D18}.Debug|x86.Build.0 = Debug|Any CPU
		{CB9757C5-CE6A-402D-9859-682780611D18}.Release|Any CPU.ActiveCfg = Release|Any CPU
		{CB9757C5-CE6A-402D-9859-682780611D18}.Release|Any CPU.Build.0 = Release|Any CPU
		{CB9757C5-CE6A-402D-9859-682780611D18}.Release|x64.ActiveCfg = Release|Any CPU
		{CB9757C5-CE6A-402D-9859-682780611D18}.Release|x64.Build.0 = Release|Any CPU
		{CB9757C5-CE6A-402D-9859-682780611D18}.Release|x86.ActiveCfg = Release|Any CPU
		{CB9757C5-CE6A-402D-9859-682780611D18}.Release|x86.Build.0 = Release|Any CPU
		{63A79766-F998-4AED-9B07-72AD8A3E0301}.Debug|Any CPU.ActiveCfg = Debug|Any CPU
		{63A79766-F998-4AED-9B07-72AD8A3E0301}.Debug|Any CPU.Build.0 = Debug|Any CPU
		{63A79766-F998-4AED-9B07-72AD8A3E0301}.Debug|x64.ActiveCfg = Debug|Any CPU
		{63A79766-F998-4AED-9B07-72AD8A3E0301}.Debug|x64.Build.0 = Debug|Any CPU
		{63A79766-F998-4AED-9B07-72AD8A3E0301}.Debug|x86.ActiveCfg = Debug|Any CPU
		{63A79766-F998-4AED-9B07-72AD8A3E0301}.Debug|x86.Build.0 = Debug|Any CPU
		{63A79766-F998-4AED-9B07-72AD8A3E0301}.Release|Any CPU.ActiveCfg = Release|Any CPU
		{63A79766-F998-4AED-9B07-72AD8A3E0301}.Release|Any CPU.Build.0 = Release|Any CPU
		{63A79766-F998-4AED-9B07-72AD8A3E0301}.Release|x64.ActiveCfg = Release|Any CPU
		{63A79766-F998-4AED-9B07-72AD8A3E0301}.Release|x64.Build.0 = Release|Any CPU
		{63A79766-F998-4AED-9B07-72AD8A3E0301}.Release|x86.ActiveCfg = Release|Any CPU
		{63A79766-F998-4AED-9B07-72AD8A3E0301}.Release|x86.Build.0 = Release|Any CPU
		{3010A7E7-D755-4BF2-909A-A7C0E4B5BD89}.Debug|Any CPU.ActiveCfg = Debug|Any CPU
		{3010A7E7-D755-4BF2-909A-A7C0E4B5BD89}.Debug|Any CPU.Build.0 = Debug|Any CPU
		{3010A7E7-D755-4BF2-909A-A7C0E4B5BD89}.Debug|x64.ActiveCfg = Debug|Any CPU
		{3010A7E7-D755-4BF2-909A-A7C0E4B5BD89}.Debug|x64.Build.0 = Debug|Any CPU
		{3010A7E7-D755-4BF2-909A-A7C0E4B5BD89}.Debug|x86.ActiveCfg = Debug|Any CPU
		{3010A7E7-D755-4BF2-909A-A7C0E4B5BD89}.Debug|x86.Build.0 = Debug|Any CPU
		{3010A7E7-D755-4BF2-909A-A7C0E4B5BD89}.Release|Any CPU.ActiveCfg = Release|Any CPU
		{3010A7E7-D755-4BF2-909A-A7C0E4B5BD89}.Release|Any CPU.Build.0 = Release|Any CPU
		{3010A7E7-D755-4BF2-909A-A7C0E4B5BD89}.Release|x64.ActiveCfg = Release|Any CPU
		{3010A7E7-D755-4BF2-909A-A7C0E4B5BD89}.Release|x64.Build.0 = Release|Any CPU
		{3010A7E7-D755-4BF2-909A-A7C0E4B5BD89}.Release|x86.ActiveCfg = Release|Any CPU
		{3010A7E7-D755-4BF2-909A-A7C0E4B5BD89}.Release|x86.Build.0 = Release|Any CPU
		{C37F3190-73AB-4947-BBBC-A89DDBB827FB}.Debug|Any CPU.ActiveCfg = Debug|Win32
		{C37F3190-73AB-4947-BBBC-A89DDBB827FB}.Debug|x64.ActiveCfg = Debug|x64
		{C37F3190-73AB-4947-BBBC-A89DDBB827FB}.Debug|x64.Build.0 = Debug|x64
		{C37F3190-73AB-4947-BBBC-A89DDBB827FB}.Debug|x86.ActiveCfg = Debug|Win32
		{C37F3190-73AB-4947-BBBC-A89DDBB827FB}.Debug|x86.Build.0 = Debug|Win32
		{C37F3190-73AB-4947-BBBC-A89DDBB827FB}.Release|Any CPU.ActiveCfg = Release|Win32
		{C37F3190-73AB-4947-BBBC-A89DDBB827FB}.Release|x64.ActiveCfg = Release|x64
		{C37F3190-73AB-4947-BBBC-A89DDBB827FB}.Release|x64.Build.0 = Release|x64
		{C37F3190-73AB-4947-BBBC-A89DDBB827FB}.Release|x86.ActiveCfg = Release|Win32
		{C37F3190-73AB-4947-BBBC-A89DDBB827FB}.Release|x86.Build.0 = Release|Win32
		{8850353C-144E-4862-86A6-C3E3B82F1B27}.Debug|Any CPU.ActiveCfg = Debug|Any CPU
		{8850353C-144E-4862-86A6-C3E3B82F1B27}.Debug|Any CPU.Build.0 = Debug|Any CPU
		{8850353C-144E-4862-86A6-C3E3B82F1B27}.Debug|x64.ActiveCfg = Debug|Any CPU
		{8850353C-144E-4862-86A6-C3E3B82F1B27}.Debug|x64.Build.0 = Debug|Any CPU
		{8850353C-144E-4862-86A6-C3E3B82F1B27}.Debug|x86.ActiveCfg = Debug|Any CPU
		{8850353C-144E-4862-86A6-C3E3B82F1B27}.Debug|x86.Build.0 = Debug|Any CPU
		{8850353C-144E-4862-86A6-C3E3B82F1B27}.Release|Any CPU.ActiveCfg = Release|Any CPU
		{8850353C-144E-4862-86A6-C3E3B82F1B27}.Release|Any CPU.Build.0 = Release|Any CPU
		{8850353C-144E-4862-86A6-C3E3B82F1B27}.Release|x64.ActiveCfg = Release|Any CPU
		{8850353C-144E-4862-86A6-C3E3B82F1B27}.Release|x64.Build.0 = Release|Any CPU
		{8850353C-144E-4862-86A6-C3E3B82F1B27}.Release|x86.ActiveCfg = Release|Any CPU
		{8850353C-144E-4862-86A6-C3E3B82F1B27}.Release|x86.Build.0 = Release|Any CPU
		{612582E0-CD6A-4F46-8E96-EA1FEA05703B}.Debug|Any CPU.ActiveCfg = Debug|Any CPU
		{612582E0-CD6A-4F46-8E96-EA1FEA05703B}.Debug|Any CPU.Build.0 = Debug|Any CPU
		{612582E0-CD6A-4F46-8E96-EA1FEA05703B}.Debug|x64.ActiveCfg = Debug|Any CPU
		{612582E0-CD6A-4F46-8E96-EA1FEA05703B}.Debug|x64.Build.0 = Debug|Any CPU
		{612582E0-CD6A-4F46-8E96-EA1FEA05703B}.Debug|x86.ActiveCfg = Debug|Any CPU
		{612582E0-CD6A-4F46-8E96-EA1FEA05703B}.Debug|x86.Build.0 = Debug|Any CPU
		{612582E0-CD6A-4F46-8E96-EA1FEA05703B}.Release|Any CPU.ActiveCfg = Release|Any CPU
		{612582E0-CD6A-4F46-8E96-EA1FEA05703B}.Release|Any CPU.Build.0 = Release|Any CPU
		{612582E0-CD6A-4F46-8E96-EA1FEA05703B}.Release|x64.ActiveCfg = Release|Any CPU
		{612582E0-CD6A-4F46-8E96-EA1FEA05703B}.Release|x64.Build.0 = Release|Any CPU
		{612582E0-CD6A-4F46-8E96-EA1FEA05703B}.Release|x86.ActiveCfg = Release|Any CPU
		{612582E0-CD6A-4F46-8E96-EA1FEA05703B}.Release|x86.Build.0 = Release|Any CPU
		{D8E6D701-829C-43A7-BFAB-69582E0594A9}.Debug|Any CPU.ActiveCfg = Debug|Any CPU
		{D8E6D701-829C-43A7-BFAB-69582E0594A9}.Debug|Any CPU.Build.0 = Debug|Any CPU
		{D8E6D701-829C-43A7-BFAB-69582E0594A9}.Debug|x64.ActiveCfg = Debug|Any CPU
		{D8E6D701-829C-43A7-BFAB-69582E0594A9}.Debug|x64.Build.0 = Debug|Any CPU
		{D8E6D701-829C-43A7-BFAB-69582E0594A9}.Debug|x86.ActiveCfg = Debug|Any CPU
		{D8E6D701-829C-43A7-BFAB-69582E0594A9}.Debug|x86.Build.0 = Debug|Any CPU
		{D8E6D701-829C-43A7-BFAB-69582E0594A9}.Release|Any CPU.ActiveCfg = Release|Any CPU
		{D8E6D701-829C-43A7-BFAB-69582E0594A9}.Release|Any CPU.Build.0 = Release|Any CPU
		{D8E6D701-829C-43A7-BFAB-69582E0594A9}.Release|x64.ActiveCfg = Release|Any CPU
		{D8E6D701-829C-43A7-BFAB-69582E0594A9}.Release|x64.Build.0 = Release|Any CPU
		{D8E6D701-829C-43A7-BFAB-69582E0594A9}.Release|x86.ActiveCfg = Release|Any CPU
		{D8E6D701-829C-43A7-BFAB-69582E0594A9}.Release|x86.Build.0 = Release|Any CPU
	EndGlobalSection
	GlobalSection(SolutionProperties) = preSolution
		HideSolutionNode = FALSE
	EndGlobalSection
	GlobalSection(NestedProjects) = preSolution
		{F0A6B7BF-FEB5-4C51-83F2-E5B111A6CA88} = {EE56C527-D110-482F-99F9-3835FCFC8107}
		{CB9757C5-CE6A-402D-9859-682780611D18} = {EE56C527-D110-482F-99F9-3835FCFC8107}
		{3010A7E7-D755-4BF2-909A-A7C0E4B5BD89} = {4248902E-7D54-4546-84CB-5BBB059B05F2}
		{C37F3190-73AB-4947-BBBC-A89DDBB827FB} = {4248902E-7D54-4546-84CB-5BBB059B05F2}
		{612582E0-CD6A-4F46-8E96-EA1FEA05703B} = {A284E5F5-B20E-408E-AA79-81A757BC6243}
	EndGlobalSection
EndGlobal
