
Microsoft Visual Studio Solution File, Format Version 12.00
# Visual Studio 15
VisualStudioVersion = 15.0.26430.13
MinimumVisualStudioVersion = 10.0.40219.1
Project("{FAE04EC0-301F-11D3-BF4B-00C04F79EFBC}") = "Airbrake.Data.SqlClient.SqlException", "System.Data.SqlClient.SqlException\Airbrake.Data.SqlClient.SqlException.csproj", "{CE878BB3-2ADB-4D00-9F51-93719844017D}"
EndProject
Project("{FAE04EC0-301F-11D3-BF4B-00C04F79EFBC}") = "Airbrake.InvalidOperationException", "Airbrake.InvalidOperationException\Airbrake.InvalidOperationException.csproj", "{3D2958E4-46EA-46F9-B74E-DBC9CBB54488}"
EndProject
Project("{FAE04EC0-301F-11D3-BF4B-00C04F79EFBC}") = "Airbrake.BadImageFormatException", "Airbrake.BadImageFormatException\Airbrake.BadImageFormatException.csproj", "{B0C9444B-C929-4230-8608-AF9E5C0D8049}"
EndProject
Project("{FAE04EC0-301F-11D3-BF4B-00C04F79EFBC}") = "Airbrake.OutOfMemoryException", "Airbrake.OutOfMemoryException\Airbrake.OutOfMemoryException.csproj", "{AD67C56E-91F6-45B1-BFC8-434359595B3A}"
EndProject
Project("{FAE04EC0-301F-11D3-BF4B-00C04F79EFBC}") = "Airbrake.StackOverflowException", "Airbrake.StackOverflowException\Airbrake.StackOverflowException.csproj", "{563F7688-9F39-487B-BF0E-7D17D99D23CA}"
EndProject
Project("{FAE04EC0-301F-11D3-BF4B-00C04F79EFBC}") = "Airbrake.Net.Sockets.SocketException", "Airbrake.Net.Sockets.SocketException\Airbrake.Net.Sockets.SocketException.csproj", "{B2C79584-DC05-45FC-9B4D-6FC08714722F}"
EndProject
Project("{FAE04EC0-301F-11D3-BF4B-00C04F79EFBC}") = "Airbrake.ArgumentException", "Airbrake.ArgumentException\Airbrake.ArgumentException.csproj", "{4A81A6ED-7393-4A52-9D2E-EB9D21846588}"
EndProject
Project("{FAE04EC0-301F-11D3-BF4B-00C04F79EFBC}") = "Airbrake.NotImplementedException", "Airbrake.NotImplementedException\Airbrake.NotImplementedException.csproj", "{C4805D01-8284-490C-9361-BBA629B3D130}"
EndProject
Project("{FAE04EC0-301F-11D3-BF4B-00C04F79EFBC}") = "Airbrake.InvalidCastException", "Airbrake.InvalidCastException\Airbrake.InvalidCastException.csproj", "{D61CBDBB-6D6A-4B97-ACF4-80C6697563CA}"
EndProject
Project("{FAE04EC0-301F-11D3-BF4B-00C04F79EFBC}") = "Airbrake.ArgumentNullException", "Airbrake.ArgumentNullException\Airbrake.ArgumentNullException.csproj", "{1AEC91B5-9C4C-4D1E-AC0B-56F494884828}"
EndProject
Project("{FAE04EC0-301F-11D3-BF4B-00C04F79EFBC}") = "Airbrake.Net.WebException", "Airbrake.Net.WebException\Airbrake.Net.WebException.csproj", "{8A6C6E59-3418-481F-A0A6-146BA85CDFF7}"
EndProject
Project("{FAE04EC0-301F-11D3-BF4B-00C04F79EFBC}") = "Airbrake.Web.HttpException", "Airbrake.Web.HttpException\Airbrake.Web.HttpException.csproj", "{3726F952-1E69-45D6-8142-41FDF3E1BB21}"
EndProject
Project("{FAE04EC0-301F-11D3-BF4B-00C04F79EFBC}") = "Airbrake.IndexOutOfRangeException", "Airbrake.IndexOutOfRangeException\Airbrake.IndexOutOfRangeException.csproj", "{8B617335-CC02-4B5B-9417-36E489842674}"
EndProject
Project("{FAE04EC0-301F-11D3-BF4B-00C04F79EFBC}") = "Airbrake.ServiceModel.FaultException", "Airbrake.ServiceModel.FaultException\Airbrake.ServiceModel.FaultException.csproj", "{21D90531-CBC2-4A4A-A7C1-6CF58730CA6A}"
EndProject
Global
	GlobalSection(SolutionConfigurationPlatforms) = preSolution
		Debug|Any CPU = Debug|Any CPU
		Debug|x86 = Debug|x86
		Release|Any CPU = Release|Any CPU
		Release|x86 = Release|x86
	EndGlobalSection
	GlobalSection(ProjectConfigurationPlatforms) = postSolution
		{CE878BB3-2ADB-4D00-9F51-93719844017D}.Debug|Any CPU.ActiveCfg = Debug|Any CPU
		{CE878BB3-2ADB-4D00-9F51-93719844017D}.Debug|Any CPU.Build.0 = Debug|Any CPU
		{CE878BB3-2ADB-4D00-9F51-93719844017D}.Debug|x86.ActiveCfg = Debug|x86
		{CE878BB3-2ADB-4D00-9F51-93719844017D}.Debug|x86.Build.0 = Debug|x86
		{CE878BB3-2ADB-4D00-9F51-93719844017D}.Release|Any CPU.ActiveCfg = Release|Any CPU
		{CE878BB3-2ADB-4D00-9F51-93719844017D}.Release|Any CPU.Build.0 = Release|Any CPU
		{CE878BB3-2ADB-4D00-9F51-93719844017D}.Release|x86.ActiveCfg = Release|x86
		{CE878BB3-2ADB-4D00-9F51-93719844017D}.Release|x86.Build.0 = Release|x86
		{3D2958E4-46EA-46F9-B74E-DBC9CBB54488}.Debug|Any CPU.ActiveCfg = Debug|Any CPU
		{3D2958E4-46EA-46F9-B74E-DBC9CBB54488}.Debug|Any CPU.Build.0 = Debug|Any CPU
		{3D2958E4-46EA-46F9-B74E-DBC9CBB54488}.Debug|x86.ActiveCfg = Debug|x86
		{3D2958E4-46EA-46F9-B74E-DBC9CBB54488}.Debug|x86.Build.0 = Debug|x86
		{3D2958E4-46EA-46F9-B74E-DBC9CBB54488}.Release|Any CPU.ActiveCfg = Release|Any CPU
		{3D2958E4-46EA-46F9-B74E-DBC9CBB54488}.Release|Any CPU.Build.0 = Release|Any CPU
		{3D2958E4-46EA-46F9-B74E-DBC9CBB54488}.Release|x86.ActiveCfg = Release|x86
		{3D2958E4-46EA-46F9-B74E-DBC9CBB54488}.Release|x86.Build.0 = Release|x86
		{B0C9444B-C929-4230-8608-AF9E5C0D8049}.Debug|Any CPU.ActiveCfg = Debug|Any CPU
		{B0C9444B-C929-4230-8608-AF9E5C0D8049}.Debug|Any CPU.Build.0 = Debug|Any CPU
		{B0C9444B-C929-4230-8608-AF9E5C0D8049}.Debug|x86.ActiveCfg = Debug|x86
		{B0C9444B-C929-4230-8608-AF9E5C0D8049}.Debug|x86.Build.0 = Debug|x86
		{B0C9444B-C929-4230-8608-AF9E5C0D8049}.Release|Any CPU.ActiveCfg = Release|Any CPU
		{B0C9444B-C929-4230-8608-AF9E5C0D8049}.Release|Any CPU.Build.0 = Release|Any CPU
		{B0C9444B-C929-4230-8608-AF9E5C0D8049}.Release|x86.ActiveCfg = Release|x86
		{B0C9444B-C929-4230-8608-AF9E5C0D8049}.Release|x86.Build.0 = Release|x86
		{AD67C56E-91F6-45B1-BFC8-434359595B3A}.Debug|Any CPU.ActiveCfg = Debug|Any CPU
		{AD67C56E-91F6-45B1-BFC8-434359595B3A}.Debug|Any CPU.Build.0 = Debug|Any CPU
		{AD67C56E-91F6-45B1-BFC8-434359595B3A}.Debug|x86.ActiveCfg = Debug|Any CPU
		{AD67C56E-91F6-45B1-BFC8-434359595B3A}.Debug|x86.Build.0 = Debug|Any CPU
		{AD67C56E-91F6-45B1-BFC8-434359595B3A}.Release|Any CPU.ActiveCfg = Release|Any CPU
		{AD67C56E-91F6-45B1-BFC8-434359595B3A}.Release|Any CPU.Build.0 = Release|Any CPU
		{AD67C56E-91F6-45B1-BFC8-434359595B3A}.Release|x86.ActiveCfg = Release|Any CPU
		{AD67C56E-91F6-45B1-BFC8-434359595B3A}.Release|x86.Build.0 = Release|Any CPU
		{563F7688-9F39-487B-BF0E-7D17D99D23CA}.Debug|Any CPU.ActiveCfg = Debug|Any CPU
		{563F7688-9F39-487B-BF0E-7D17D99D23CA}.Debug|Any CPU.Build.0 = Debug|Any CPU
		{563F7688-9F39-487B-BF0E-7D17D99D23CA}.Debug|x86.ActiveCfg = Debug|Any CPU
		{563F7688-9F39-487B-BF0E-7D17D99D23CA}.Debug|x86.Build.0 = Debug|Any CPU
		{563F7688-9F39-487B-BF0E-7D17D99D23CA}.Release|Any CPU.ActiveCfg = Release|Any CPU
		{563F7688-9F39-487B-BF0E-7D17D99D23CA}.Release|Any CPU.Build.0 = Release|Any CPU
		{563F7688-9F39-487B-BF0E-7D17D99D23CA}.Release|x86.ActiveCfg = Release|Any CPU
		{563F7688-9F39-487B-BF0E-7D17D99D23CA}.Release|x86.Build.0 = Release|Any CPU
		{B2C79584-DC05-45FC-9B4D-6FC08714722F}.Debug|Any CPU.ActiveCfg = Debug|Any CPU
		{B2C79584-DC05-45FC-9B4D-6FC08714722F}.Debug|Any CPU.Build.0 = Debug|Any CPU
		{B2C79584-DC05-45FC-9B4D-6FC08714722F}.Debug|x86.ActiveCfg = Debug|Any CPU
		{B2C79584-DC05-45FC-9B4D-6FC08714722F}.Debug|x86.Build.0 = Debug|Any CPU
		{B2C79584-DC05-45FC-9B4D-6FC08714722F}.Release|Any CPU.ActiveCfg = Release|Any CPU
		{B2C79584-DC05-45FC-9B4D-6FC08714722F}.Release|Any CPU.Build.0 = Release|Any CPU
		{B2C79584-DC05-45FC-9B4D-6FC08714722F}.Release|x86.ActiveCfg = Release|Any CPU
		{B2C79584-DC05-45FC-9B4D-6FC08714722F}.Release|x86.Build.0 = Release|Any CPU
		{4A81A6ED-7393-4A52-9D2E-EB9D21846588}.Debug|Any CPU.ActiveCfg = Debug|Any CPU
		{4A81A6ED-7393-4A52-9D2E-EB9D21846588}.Debug|Any CPU.Build.0 = Debug|Any CPU
		{4A81A6ED-7393-4A52-9D2E-EB9D21846588}.Debug|x86.ActiveCfg = Debug|Any CPU
		{4A81A6ED-7393-4A52-9D2E-EB9D21846588}.Debug|x86.Build.0 = Debug|Any CPU
		{4A81A6ED-7393-4A52-9D2E-EB9D21846588}.Release|Any CPU.ActiveCfg = Release|Any CPU
		{4A81A6ED-7393-4A52-9D2E-EB9D21846588}.Release|Any CPU.Build.0 = Release|Any CPU
		{4A81A6ED-7393-4A52-9D2E-EB9D21846588}.Release|x86.ActiveCfg = Release|Any CPU
		{4A81A6ED-7393-4A52-9D2E-EB9D21846588}.Release|x86.Build.0 = Release|Any CPU
		{C4805D01-8284-490C-9361-BBA629B3D130}.Debug|Any CPU.ActiveCfg = Debug|Any CPU
		{C4805D01-8284-490C-9361-BBA629B3D130}.Debug|Any CPU.Build.0 = Debug|Any CPU
		{C4805D01-8284-490C-9361-BBA629B3D130}.Debug|x86.ActiveCfg = Debug|Any CPU
		{C4805D01-8284-490C-9361-BBA629B3D130}.Debug|x86.Build.0 = Debug|Any CPU
		{C4805D01-8284-490C-9361-BBA629B3D130}.Release|Any CPU.ActiveCfg = Release|Any CPU
		{C4805D01-8284-490C-9361-BBA629B3D130}.Release|Any CPU.Build.0 = Release|Any CPU
		{C4805D01-8284-490C-9361-BBA629B3D130}.Release|x86.ActiveCfg = Release|Any CPU
		{C4805D01-8284-490C-9361-BBA629B3D130}.Release|x86.Build.0 = Release|Any CPU
		{D61CBDBB-6D6A-4B97-ACF4-80C6697563CA}.Debug|Any CPU.ActiveCfg = Debug|Any CPU
		{D61CBDBB-6D6A-4B97-ACF4-80C6697563CA}.Debug|Any CPU.Build.0 = Debug|Any CPU
		{D61CBDBB-6D6A-4B97-ACF4-80C6697563CA}.Debug|x86.ActiveCfg = Debug|Any CPU
		{D61CBDBB-6D6A-4B97-ACF4-80C6697563CA}.Debug|x86.Build.0 = Debug|Any CPU
		{D61CBDBB-6D6A-4B97-ACF4-80C6697563CA}.Release|Any CPU.ActiveCfg = Release|Any CPU
		{D61CBDBB-6D6A-4B97-ACF4-80C6697563CA}.Release|Any CPU.Build.0 = Release|Any CPU
		{D61CBDBB-6D6A-4B97-ACF4-80C6697563CA}.Release|x86.ActiveCfg = Release|Any CPU
		{D61CBDBB-6D6A-4B97-ACF4-80C6697563CA}.Release|x86.Build.0 = Release|Any CPU
		{1AEC91B5-9C4C-4D1E-AC0B-56F494884828}.Debug|Any CPU.ActiveCfg = Debug|Any CPU
		{1AEC91B5-9C4C-4D1E-AC0B-56F494884828}.Debug|Any CPU.Build.0 = Debug|Any CPU
		{1AEC91B5-9C4C-4D1E-AC0B-56F494884828}.Debug|x86.ActiveCfg = Debug|Any CPU
		{1AEC91B5-9C4C-4D1E-AC0B-56F494884828}.Debug|x86.Build.0 = Debug|Any CPU
		{1AEC91B5-9C4C-4D1E-AC0B-56F494884828}.Release|Any CPU.ActiveCfg = Release|Any CPU
		{1AEC91B5-9C4C-4D1E-AC0B-56F494884828}.Release|Any CPU.Build.0 = Release|Any CPU
		{1AEC91B5-9C4C-4D1E-AC0B-56F494884828}.Release|x86.ActiveCfg = Release|Any CPU
		{1AEC91B5-9C4C-4D1E-AC0B-56F494884828}.Release|x86.Build.0 = Release|Any CPU
		{8A6C6E59-3418-481F-A0A6-146BA85CDFF7}.Debug|Any CPU.ActiveCfg = Debug|Any CPU
		{8A6C6E59-3418-481F-A0A6-146BA85CDFF7}.Debug|Any CPU.Build.0 = Debug|Any CPU
		{8A6C6E59-3418-481F-A0A6-146BA85CDFF7}.Debug|x86.ActiveCfg = Debug|Any CPU
		{8A6C6E59-3418-481F-A0A6-146BA85CDFF7}.Debug|x86.Build.0 = Debug|Any CPU
		{8A6C6E59-3418-481F-A0A6-146BA85CDFF7}.Release|Any CPU.ActiveCfg = Release|Any CPU
		{8A6C6E59-3418-481F-A0A6-146BA85CDFF7}.Release|Any CPU.Build.0 = Release|Any CPU
		{8A6C6E59-3418-481F-A0A6-146BA85CDFF7}.Release|x86.ActiveCfg = Release|Any CPU
		{8A6C6E59-3418-481F-A0A6-146BA85CDFF7}.Release|x86.Build.0 = Release|Any CPU
		{3726F952-1E69-45D6-8142-41FDF3E1BB21}.Debug|Any CPU.ActiveCfg = Debug|Any CPU
		{3726F952-1E69-45D6-8142-41FDF3E1BB21}.Debug|Any CPU.Build.0 = Debug|Any CPU
		{3726F952-1E69-45D6-8142-41FDF3E1BB21}.Debug|x86.ActiveCfg = Debug|Any CPU
		{3726F952-1E69-45D6-8142-41FDF3E1BB21}.Debug|x86.Build.0 = Debug|Any CPU
		{3726F952-1E69-45D6-8142-41FDF3E1BB21}.Release|Any CPU.ActiveCfg = Release|Any CPU
		{3726F952-1E69-45D6-8142-41FDF3E1BB21}.Release|Any CPU.Build.0 = Release|Any CPU
		{3726F952-1E69-45D6-8142-41FDF3E1BB21}.Release|x86.ActiveCfg = Release|Any CPU
		{3726F952-1E69-45D6-8142-41FDF3E1BB21}.Release|x86.Build.0 = Release|Any CPU
		{8B617335-CC02-4B5B-9417-36E489842674}.Debug|Any CPU.ActiveCfg = Debug|Any CPU
		{8B617335-CC02-4B5B-9417-36E489842674}.Debug|Any CPU.Build.0 = Debug|Any CPU
		{8B617335-CC02-4B5B-9417-36E489842674}.Debug|x86.ActiveCfg = Debug|Any CPU
		{8B617335-CC02-4B5B-9417-36E489842674}.Debug|x86.Build.0 = Debug|Any CPU
		{8B617335-CC02-4B5B-9417-36E489842674}.Release|Any CPU.ActiveCfg = Release|Any CPU
		{8B617335-CC02-4B5B-9417-36E489842674}.Release|Any CPU.Build.0 = Release|Any CPU
		{8B617335-CC02-4B5B-9417-36E489842674}.Release|x86.ActiveCfg = Release|Any CPU
		{8B617335-CC02-4B5B-9417-36E489842674}.Release|x86.Build.0 = Release|Any CPU
		{21D90531-CBC2-4A4A-A7C1-6CF58730CA6A}.Debug|Any CPU.ActiveCfg = Debug|Any CPU
		{21D90531-CBC2-4A4A-A7C1-6CF58730CA6A}.Debug|Any CPU.Build.0 = Debug|Any CPU
		{21D90531-CBC2-4A4A-A7C1-6CF58730CA6A}.Debug|x86.ActiveCfg = Debug|Any CPU
		{21D90531-CBC2-4A4A-A7C1-6CF58730CA6A}.Debug|x86.Build.0 = Debug|Any CPU
		{21D90531-CBC2-4A4A-A7C1-6CF58730CA6A}.Release|Any CPU.ActiveCfg = Release|Any CPU
		{21D90531-CBC2-4A4A-A7C1-6CF58730CA6A}.Release|Any CPU.Build.0 = Release|Any CPU
		{21D90531-CBC2-4A4A-A7C1-6CF58730CA6A}.Release|x86.ActiveCfg = Release|Any CPU
		{21D90531-CBC2-4A4A-A7C1-6CF58730CA6A}.Release|x86.Build.0 = Release|Any CPU
	EndGlobalSection
	GlobalSection(SolutionProperties) = preSolution
		HideSolutionNode = FALSE
	EndGlobalSection
EndGlobal
