
Microsoft Visual Studio Solution File, Format Version 12.00
# Visual Studio 15
VisualStudioVersion = 15.0.26430.16
MinimumVisualStudioVersion = 10.0.40219.1
Project("{FAE04EC0-301F-11D3-BF4B-00C04F79EFBC}") = "CSharp7Features", "CSharp7Features\CSharp7Features.csproj", "{1FCA41ED-CC2C-45A4-A026-5BD9F004FB3D}"
EndProject
Project("{FAE04EC0-301F-11D3-BF4B-00C04F79EFBC}") = "PatternMatching", "PatternMatching\PatternMatching.csproj", "{344EFDE4-49FC-466F-B597-504C433EC21D}"
EndProject
Project("{FAE04EC0-301F-11D3-BF4B-00C04F79EFBC}") = "LocalFunctions", "LocalFunctions\LocalFunctions.csproj", "{90181B59-0C53-4967-A38C-ADEDFC97D8E3}"
EndProject
Project("{FAE04EC0-301F-11D3-BF4B-00C04F79EFBC}") = "NumericLiterals", "NumericLiterals\NumericLiterals.csproj", "{C1A58644-1780-4734-B7E1-288417AC7705}"
EndProject
Project("{FAE04EC0-301F-11D3-BF4B-00C04F79EFBC}") = "RefReturnsAndLocals", "RefReturnsAndLocals\RefReturnsAndLocals.csproj", "{EB5A3AE2-312E-4109-AC17-D292FCF070A4}"
EndProject
Global
	GlobalSection(SolutionConfigurationPlatforms) = preSolution
		Debug|Any CPU = Debug|Any CPU
		Release|Any CPU = Release|Any CPU
	EndGlobalSection
	GlobalSection(ProjectConfigurationPlatforms) = postSolution
		{1FCA41ED-CC2C-45A4-A026-5BD9F004FB3D}.Debug|Any CPU.ActiveCfg = Debug|Any CPU
		{1FCA41ED-CC2C-45A4-A026-5BD9F004FB3D}.Debug|Any CPU.Build.0 = Debug|Any CPU
		{1FCA41ED-CC2C-45A4-A026-5BD9F004FB3D}.Release|Any CPU.ActiveCfg = Release|Any CPU
		{1FCA41ED-CC2C-45A4-A026-5BD9F004FB3D}.Release|Any CPU.Build.0 = Release|Any CPU
		{344EFDE4-49FC-466F-B597-504C433EC21D}.Debug|Any CPU.ActiveCfg = Debug|Any CPU
		{344EFDE4-49FC-466F-B597-504C433EC21D}.Debug|Any CPU.Build.0 = Debug|Any CPU
		{344EFDE4-49FC-466F-B597-504C433EC21D}.Release|Any CPU.ActiveCfg = Release|Any CPU
		{344EFDE4-49FC-466F-B597-504C433EC21D}.Release|Any CPU.Build.0 = Release|Any CPU
		{90181B59-0C53-4967-A38C-ADEDFC97D8E3}.Debug|Any CPU.ActiveCfg = Debug|Any CPU
		{90181B59-0C53-4967-A38C-ADEDFC97D8E3}.Debug|Any CPU.Build.0 = Debug|Any CPU
		{90181B59-0C53-4967-A38C-ADEDFC97D8E3}.Release|Any CPU.ActiveCfg = Release|Any CPU
		{90181B59-0C53-4967-A38C-ADEDFC97D8E3}.Release|Any CPU.Build.0 = Release|Any CPU
		{C1A58644-1780-4734-B7E1-288417AC7705}.Debug|Any CPU.ActiveCfg = Debug|Any CPU
		{C1A58644-1780-4734-B7E1-288417AC7705}.Debug|Any CPU.Build.0 = Debug|Any CPU
		{C1A58644-1780-4734-B7E1-288417AC7705}.Release|Any CPU.ActiveCfg = Release|Any CPU
		{C1A58644-1780-4734-B7E1-288417AC7705}.Release|Any CPU.Build.0 = Release|Any CPU
		{EB5A3AE2-312E-4109-AC17-D292FCF070A4}.Debug|Any CPU.ActiveCfg = Debug|Any CPU
		{EB5A3AE2-312E-4109-AC17-D292FCF070A4}.Debug|Any CPU.Build.0 = Debug|Any CPU
		{EB5A3AE2-312E-4109-AC17-D292FCF070A4}.Release|Any CPU.ActiveCfg = Release|Any CPU
		{EB5A3AE2-312E-4109-AC17-D292FCF070A4}.Release|Any CPU.Build.0 = Release|Any CPU
	EndGlobalSection
	GlobalSection(SolutionProperties) = preSolution
		HideSolutionNode = FALSE
	EndGlobalSection
EndGlobal
